// !$*UTF8*$!
{
	archiveVersion = 1;
	classes = {
	};
	objectVersion = 50;
	objects = {

/* Begin PBXBuildFile section */
		4AC4E6C22636680B00AD2FBF /* AppDelegate.swift in Sources */ = {isa = PBXBuildFile; fileRef = 4AC4E6C12636680B00AD2FBF /* AppDelegate.swift */; };
		4AC4E6C42636680B00AD2FBF /* SceneDelegate.swift in Sources */ = {isa = PBXBuildFile; fileRef = 4AC4E6C32636680B00AD2FBF /* SceneDelegate.swift */; };
		4AC4E6C62636680B00AD2FBF /* ContentView.swift in Sources */ = {isa = PBXBuildFile; fileRef = 4AC4E6C52636680B00AD2FBF /* ContentView.swift */; };
		4AC4E6C82636680F00AD2FBF /* Assets.xcassets in Resources */ = {isa = PBXBuildFile; fileRef = 4AC4E6C72636680F00AD2FBF /* Assets.xcassets */; };
		4AC4E6CB2636680F00AD2FBF /* Preview Assets.xcassets in Resources */ = {isa = PBXBuildFile; fileRef = 4AC4E6CA2636680F00AD2FBF /* Preview Assets.xcassets */; };
		4AC4E6CE2636680F00AD2FBF /* LaunchScreen.storyboard in Resources */ = {isa = PBXBuildFile; fileRef = 4AC4E6CC2636680F00AD2FBF /* LaunchScreen.storyboard */; };
		4AC4E6D92636681000AD2FBF /* lab_15Tests.swift in Sources */ = {isa = PBXBuildFile; fileRef = 4AC4E6D82636681000AD2FBF /* lab_15Tests.swift */; };
		4AC4E6E42636681000AD2FBF /* lab_15UITests.swift in Sources */ = {isa = PBXBuildFile; fileRef = 4AC4E6E32636681000AD2FBF /* lab_15UITests.swift */; };
/* End PBXBuildFile section */

/* Begin PBXContainerItemProxy section */
		4AC4E6D52636681000AD2FBF /* PBXContainerItemProxy */ = {
			isa = PBXContainerItemProxy;
			containerPortal = 4AC4E6B62636680B00AD2FBF /* Project object */;
			proxyType = 1;
			remoteGlobalIDString = 4AC4E6BD2636680B00AD2FBF;
			remoteInfo = "lab 15";
		};
		4AC4E6E02636681000AD2FBF /* PBXContainerItemProxy */ = {
			isa = PBXContainerItemProxy;
			containerPortal = 4AC4E6B62636680B00AD2FBF /* Project object */;
			proxyType = 1;
			remoteGlobalIDString = 4AC4E6BD2636680B00AD2FBF;
			remoteInfo = "lab 15";
		};
/* End PBXContainerItemProxy section */

/* Begin PBXFileReference section */
		4AC4E6BE2636680B00AD2FBF /* lab 15.app */ = {isa = PBXFileReference; explicitFileType = wrapper.application; includeInIndex = 0; path = "lab 15.app"; sourceTree = BUILT_PRODUCTS_DIR; };
		4AC4E6C12636680B00AD2FBF /* AppDelegate.swift */ = {isa = PBXFileReference; lastKnownFileType = sourcecode.swift; path = AppDelegate.swift; sourceTree = "<group>"; };
		4AC4E6C32636680B00AD2FBF /* SceneDelegate.swift */ = {isa = PBXFileReference; lastKnownFileType = sourcecode.swift; path = SceneDelegate.swift; sourceTree = "<group>"; };
		4AC4E6C52636680B00AD2FBF /* ContentView.swift */ = {isa = PBXFileReference; lastKnownFileType = sourcecode.swift; path = ContentView.swift; sourceTree = "<group>"; };
		4AC4E6C72636680F00AD2FBF /* Assets.xcassets */ = {isa = PBXFileReference; lastKnownFileType = folder.assetcatalog; path = Assets.xcassets; sourceTree = "<group>"; };
		4AC4E6CA2636680F00AD2FBF /* Preview Assets.xcassets */ = {isa = PBXFileReference; lastKnownFileType = folder.assetcatalog; path = "Preview Assets.xcassets"; sourceTree = "<group>"; };
		4AC4E6CD2636680F00AD2FBF /* Base */ = {isa = PBXFileReference; lastKnownFileType = file.storyboard; name = Base; path = Base.lproj/LaunchScreen.storyboard; sourceTree = "<group>"; };
		4AC4E6CF2636680F00AD2FBF /* Info.plist */ = {isa = PBXFileReference; lastKnownFileType = text.plist.xml; path = Info.plist; sourceTree = "<group>"; };
		4AC4E6D42636681000AD2FBF /* lab 15Tests.xctest */ = {isa = PBXFileReference; explicitFileType = wrapper.cfbundle; includeInIndex = 0; path = "lab 15Tests.xctest"; sourceTree = BUILT_PRODUCTS_DIR; };
		4AC4E6D82636681000AD2FBF /* lab_15Tests.swift */ = {isa = PBXFileReference; lastKnownFileType = sourcecode.swift; path = lab_15Tests.swift; sourceTree = "<group>"; };
		4AC4E6DA2636681000AD2FBF /* Info.plist */ = {isa = PBXFileReference; lastKnownFileType = text.plist.xml; path = Info.plist; sourceTree = "<group>"; };
		4AC4E6DF2636681000AD2FBF /* lab 15UITests.xctest */ = {isa = PBXFileReference; explicitFileType = wrapper.cfbundle; includeInIndex = 0; path = "lab 15UITests.xctest"; sourceTree = BUILT_PRODUCTS_DIR; };
		4AC4E6E32636681000AD2FBF /* lab_15UITests.swift */ = {isa = PBXFileReference; lastKnownFileType = sourcecode.swift; path = lab_15UITests.swift; sourceTree = "<group>"; };
		4AC4E6E52636681000AD2FBF /* Info.plist */ = {isa = PBXFileReference; lastKnownFileType = text.plist.xml; path = Info.plist; sourceTree = "<group>"; };
/* End PBXFileReference section */

/* Begin PBXFrameworksBuildPhase section */
		4AC4E6BB2636680B00AD2FBF /* Frameworks */ = {
			isa = PBXFrameworksBuildPhase;
			buildActionMask = 2147483647;
			files = (
			);
			runOnlyForDeploymentPostprocessing = 0;
		};
		4AC4E6D12636681000AD2FBF /* Frameworks */ = {
			isa = PBXFrameworksBuildPhase;
			buildActionMask = 2147483647;
			files = (
			);
			runOnlyForDeploymentPostprocessing = 0;
		};
		4AC4E6DC2636681000AD2FBF /* Frameworks */ = {
			isa = PBXFrameworksBuildPhase;
			buildActionMask = 2147483647;
			files = (
			);
			runOnlyForDeploymentPostprocessing = 0;
		};
/* End PBXFrameworksBuildPhase section */

/* Begin PBXGroup section */
		4AC4E6B52636680B00AD2FBF = {
			isa = PBXGroup;
			children = (
				4AC4E6C02636680B00AD2FBF /* lab 15 */,
				4AC4E6D72636681000AD2FBF /* lab 15Tests */,
				4AC4E6E22636681000AD2FBF /* lab 15UITests */,
				4AC4E6BF2636680B00AD2FBF /* Products */,
			);
			sourceTree = "<group>";
		};
		4AC4E6BF2636680B00AD2FBF /* Products */ = {
			isa = PBXGroup;
			children = (
				4AC4E6BE2636680B00AD2FBF /* lab 15.app */,
				4AC4E6D42636681000AD2FBF /* lab 15Tests.xctest */,
				4AC4E6DF2636681000AD2FBF /* lab 15UITests.xctest */,
			);
			name = Products;
			sourceTree = "<group>";
		};
		4AC4E6C02636680B00AD2FBF /* lab 15 */ = {
			isa = PBXGroup;
			children = (
				4AC4E6C12636680B00AD2FBF /* AppDelegate.swift */,
				4AC4E6C32636680B00AD2FBF /* SceneDelegate.swift */,
				4AC4E6C52636680B00AD2FBF /* ContentView.swift */,
				4AC4E6C72636680F00AD2FBF /* Assets.xcassets */,
				4AC4E6CC2636680F00AD2FBF /* LaunchScreen.storyboard */,
				4AC4E6CF2636680F00AD2FBF /* Info.plist */,
				4AC4E6C92636680F00AD2FBF /* Preview Content */,
			);
			path = "lab 15";
			sourceTree = "<group>";
		};
		4AC4E6C92636680F00AD2FBF /* Preview Content */ = {
			isa = PBXGroup;
			children = (
				4AC4E6CA2636680F00AD2FBF /* Preview Assets.xcassets */,
			);
			path = "Preview Content";
			sourceTree = "<group>";
		};
		4AC4E6D72636681000AD2FBF /* lab 15Tests */ = {
			isa = PBXGroup;
			children = (
				4AC4E6D82636681000AD2FBF /* lab_15Tests.swift */,
				4AC4E6DA2636681000AD2FBF /* Info.plist */,
			);
			path = "lab 15Tests";
			sourceTree = "<group>";
		};
		4AC4E6E22636681000AD2FBF /* lab 15UITests */ = {
			isa = PBXGroup;
			children = (
				4AC4E6E32636681000AD2FBF /* lab_15UITests.swift */,
				4AC4E6E52636681000AD2FBF /* Info.plist */,
			);
			path = "lab 15UITests";
			sourceTree = "<group>";
		};
/* End PBXGroup section */

/* Begin PBXNativeTarget section */
		4AC4E6BD2636680B00AD2FBF /* lab 15 */ = {
			isa = PBXNativeTarget;
			buildConfigurationList = 4AC4E6E82636681000AD2FBF /* Build configuration list for PBXNativeTarget "lab 15" */;
			buildPhases = (
				4AC4E6BA2636680B00AD2FBF /* Sources */,
				4AC4E6BB2636680B00AD2FBF /* Frameworks */,
				4AC4E6BC2636680B00AD2FBF /* Resources */,
			);
			buildRules = (
			);
			dependencies = (
			);
			name = "lab 15";
			productName = "lab 15";
			productReference = 4AC4E6BE2636680B00AD2FBF /* lab 15.app */;
			productType = "com.apple.product-type.application";
		};
		4AC4E6D32636681000AD2FBF /* lab 15Tests */ = {
			isa = PBXNativeTarget;
			buildConfigurationList = 4AC4E6EB2636681000AD2FBF /* Build configuration list for PBXNativeTarget "lab 15Tests" */;
			buildPhases = (
				4AC4E6D02636681000AD2FBF /* Sources */,
				4AC4E6D12636681000AD2FBF /* Frameworks */,
				4AC4E6D22636681000AD2FBF /* Resources */,
			);
			buildRules = (
			);
			dependencies = (
				4AC4E6D62636681000AD2FBF /* PBXTargetDependency */,
			);
			name = "lab 15Tests";
			productName = "lab 15Tests";
			productReference = 4AC4E6D42636681000AD2FBF /* lab 15Tests.xctest */;
			productType = "com.apple.product-type.bundle.unit-test";
		};
		4AC4E6DE2636681000AD2FBF /* lab 15UITests */ = {
			isa = PBXNativeTarget;
			buildConfigurationList = 4AC4E6EE2636681000AD2FBF /* Build configuration list for PBXNativeTarget "lab 15UITests" */;
			buildPhases = (
				4AC4E6DB2636681000AD2FBF /* Sources */,
				4AC4E6DC2636681000AD2FBF /* Frameworks */,
				4AC4E6DD2636681000AD2FBF /* Resources */,
			);
			buildRules = (
			);
			dependencies = (
				4AC4E6E12636681000AD2FBF /* PBXTargetDependency */,
			);
			name = "lab 15UITests";
			productName = "lab 15UITests";
			productReference = 4AC4E6DF2636681000AD2FBF /* lab 15UITests.xctest */;
			productType = "com.apple.product-type.bundle.ui-testing";
		};
/* End PBXNativeTarget section */

/* Begin PBXProject section */
		4AC4E6B62636680B00AD2FBF /* Project object */ = {
			isa = PBXProject;
			attributes = {
				LastSwiftUpdateCheck = 1240;
				LastUpgradeCheck = 1240;
				TargetAttributes = {
					4AC4E6BD2636680B00AD2FBF = {
						CreatedOnToolsVersion = 12.4;
					};
					4AC4E6D32636681000AD2FBF = {
						CreatedOnToolsVersion = 12.4;
						TestTargetID = 4AC4E6BD2636680B00AD2FBF;
					};
					4AC4E6DE2636681000AD2FBF = {
						CreatedOnToolsVersion = 12.4;
						TestTargetID = 4AC4E6BD2636680B00AD2FBF;
					};
				};
			};
			buildConfigurationList = 4AC4E6B92636680B00AD2FBF /* Build configuration list for PBXProject "lab 15" */;
			compatibilityVersion = "Xcode 9.3";
			developmentRegion = en;
			hasScannedForEncodings = 0;
			knownRegions = (
				en,
				Base,
			);
			mainGroup = 4AC4E6B52636680B00AD2FBF;
			productRefGroup = 4AC4E6BF2636680B00AD2FBF /* Products */;
			projectDirPath = "";
			projectRoot = "";
			targets = (
				4AC4E6BD2636680B00AD2FBF /* lab 15 */,
				4AC4E6D32636681000AD2FBF /* lab 15Tests */,
				4AC4E6DE2636681000AD2FBF /* lab 15UITests */,
			);
		};
/* End PBXProject section */

/* Begin PBXResourcesBuildPhase section */
		4AC4E6BC2636680B00AD2FBF /* Resources */ = {
			isa = PBXResourcesBuildPhase;
			buildActionMask = 2147483647;
			files = (
				4AC4E6CE2636680F00AD2FBF /* LaunchScreen.storyboard in Resources */,
				4AC4E6CB2636680F00AD2FBF /* Preview Assets.xcassets in Resources */,
				4AC4E6C82636680F00AD2FBF /* Assets.xcassets in Resources */,
			);
			runOnlyForDeploymentPostprocessing = 0;
		};
		4AC4E6D22636681000AD2FBF /* Resources */ = {
			isa = PBXResourcesBuildPhase;
			buildActionMask = 2147483647;
			files = (
			);
			runOnlyForDeploymentPostprocessing = 0;
		};
		4AC4E6DD2636681000AD2FBF /* Resources */ = {
			isa = PBXResourcesBuildPhase;
			buildActionMask = 2147483647;
			files = (
			);
			runOnlyForDeploymentPostprocessing = 0;
		};
/* End PBXResourcesBuildPhase section */

/* Begin PBXSourcesBuildPhase section */
		4AC4E6BA2636680B00AD2FBF /* Sources */ = {
			isa = PBXSourcesBuildPhase;
			buildActionMask = 2147483647;
			files = (
				4AC4E6C22636680B00AD2FBF /* AppDelegate.swift in Sources */,
				4AC4E6C42636680B00AD2FBF /* SceneDelegate.swift in Sources */,
				4AC4E6C62636680B00AD2FBF /* ContentView.swift in Sources */,
			);
			runOnlyForDeploymentPostprocessing = 0;
		};
		4AC4E6D02636681000AD2FBF /* Sources */ = {
			isa = PBXSourcesBuildPhase;
			buildActionMask = 2147483647;
			files = (
				4AC4E6D92636681000AD2FBF /* lab_15Tests.swift in Sources */,
			);
			runOnlyForDeploymentPostprocessing = 0;
		};
		4AC4E6DB2636681000AD2FBF /* Sources */ = {
			isa = PBXSourcesBuildPhase;
			buildActionMask = 2147483647;
			files = (
				4AC4E6E42636681000AD2FBF /* lab_15UITests.swift in Sources */,
			);
			runOnlyForDeploymentPostprocessing = 0;
		};
/* End PBXSourcesBuildPhase section */

/* Begin PBXTargetDependency section */
		4AC4E6D62636681000AD2FBF /* PBXTargetDependency */ = {
			isa = PBXTargetDependency;
			target = 4AC4E6BD2636680B00AD2FBF /* lab 15 */;
			targetProxy = 4AC4E6D52636681000AD2FBF /* PBXContainerItemProxy */;
		};
		4AC4E6E12636681000AD2FBF /* PBXTargetDependency */ = {
			isa = PBXTargetDependency;
			target = 4AC4E6BD2636680B00AD2FBF /* lab 15 */;
			targetProxy = 4AC4E6E02636681000AD2FBF /* PBXContainerItemProxy */;
		};
/* End PBXTargetDependency section */

/* Begin PBXVariantGroup section */
		4AC4E6CC2636680F00AD2FBF /* LaunchScreen.storyboard */ = {
			isa = PBXVariantGroup;
			children = (
				4AC4E6CD2636680F00AD2FBF /* Base */,
			);
			name = LaunchScreen.storyboard;
			sourceTree = "<group>";
		};
/* End PBXVariantGroup section */

/* Begin XCBuildConfiguration section */
		4AC4E6E62636681000AD2FBF /* Debug */ = {
			isa = XCBuildConfiguration;
			buildSettings = {
				ALWAYS_SEARCH_USER_PATHS = NO;
				CLANG_ANALYZER_NONNULL = YES;
				CLANG_ANALYZER_NUMBER_OBJECT_CONVERSION = YES_AGGRESSIVE;
				CLANG_CXX_LANGUAGE_STANDARD = "gnu++14";
				CLANG_CXX_LIBRARY = "libc++";
				CLANG_ENABLE_MODULES = YES;
				CLANG_ENABLE_OBJC_ARC = YES;
				CLANG_ENABLE_OBJC_WEAK = YES;
				CLANG_WARN_BLOCK_CAPTURE_AUTORELEASING = YES;
				CLANG_WARN_BOOL_CONVERSION = YES;
				CLANG_WARN_COMMA = YES;
				CLANG_WARN_CONSTANT_CONVERSION = YES;
				CLANG_WARN_DEPRECATED_OBJC_IMPLEMENTATIONS = YES;
				CLANG_WARN_DIRECT_OBJC_ISA_USAGE = YES_ERROR;
				CLANG_WARN_DOCUMENTATION_COMMENTS = YES;
				CLANG_WARN_EMPTY_BODY = YES;
				CLANG_WARN_ENUM_CONVERSION = YES;
				CLANG_WARN_INFINITE_RECURSION = YES;
				CLANG_WARN_INT_CONVERSION = YES;
				CLANG_WARN_NON_LITERAL_NULL_CONVERSION = YES;
				CLANG_WARN_OBJC_IMPLICIT_RETAIN_SELF = YES;
				CLANG_WARN_OBJC_LITERAL_CONVERSION = YES;
				CLANG_WARN_OBJC_ROOT_CLASS = YES_ERROR;
				CLANG_WARN_QUOTED_INCLUDE_IN_FRAMEWORK_HEADER = YES;
				CLANG_WARN_RANGE_LOOP_ANALYSIS = YES;
				CLANG_WARN_STRICT_PROTOTYPES = YES;
				CLANG_WARN_SUSPICIOUS_MOVE = YES;
				CLANG_WARN_UNGUARDED_AVAILABILITY = YES_AGGRESSIVE;
				CLANG_WARN_UNREACHABLE_CODE = YES;
				CLANG_WARN__DUPLICATE_METHOD_MATCH = YES;
				COPY_PHASE_STRIP = NO;
				DEBUG_INFORMATION_FORMAT = dwarf;
				ENABLE_STRICT_OBJC_MSGSEND = YES;
				ENABLE_TESTABILITY = YES;
				GCC_C_LANGUAGE_STANDARD = gnu11;
				GCC_DYNAMIC_NO_PIC = NO;
				GCC_NO_COMMON_BLOCKS = YES;
				GCC_OPTIMIZATION_LEVEL = 0;
				GCC_PREPROCESSOR_DEFINITIONS = (
					"DEBUG=1",
					"$(inherited)",
				);
				GCC_WARN_64_TO_32_BIT_CONVERSION = YES;
				GCC_WARN_ABOUT_RETURN_TYPE = YES_ERROR;
				GCC_WARN_UNDECLARED_SELECTOR = YES;
				GCC_WARN_UNINITIALIZED_AUTOS = YES_AGGRESSIVE;
				GCC_WARN_UNUSED_FUNCTION = YES;
				GCC_WARN_UNUSED_VARIABLE = YES;
				IPHONEOS_DEPLOYMENT_TARGET = 14.4;
				MTL_ENABLE_DEBUG_INFO = INCLUDE_SOURCE;
				MTL_FAST_MATH = YES;
				ONLY_ACTIVE_ARCH = YES;
				SDKROOT = iphoneos;
				SWIFT_ACTIVE_COMPILATION_CONDITIONS = DEBUG;
				SWIFT_OPTIMIZATION_LEVEL = "-Onone";
			};
			name = Debug;
		};
		4AC4E6E72636681000AD2FBF /* Release */ = {
			isa = XCBuildConfiguration;
			buildSettings = {
				ALWAYS_SEARCH_USER_PATHS = NO;
				CLANG_ANALYZER_NONNULL = YES;
				CLANG_ANALYZER_NUMBER_OBJECT_CONVERSION = YES_AGGRESSIVE;
				CLANG_CXX_LANGUAGE_STANDARD = "gnu++14";
				CLANG_CXX_LIBRARY = "libc++";
				CLANG_ENABLE_MODULES = YES;
				CLANG_ENABLE_OBJC_ARC = YES;
				CLANG_ENABLE_OBJC_WEAK = YES;
				CLANG_WARN_BLOCK_CAPTURE_AUTORELEASING = YES;
				CLANG_WARN_BOOL_CONVERSION = YES;
				CLANG_WARN_COMMA = YES;
				CLANG_WARN_CONSTANT_CONVERSION = YES;
				CLANG_WARN_DEPRECATED_OBJC_IMPLEMENTATIONS = YES;
				CLANG_WARN_DIRECT_OBJC_ISA_USAGE = YES_ERROR;
				CLANG_WARN_DOCUMENTATION_COMMENTS = YES;
				CLANG_WARN_EMPTY_BODY = YES;
				CLANG_WARN_ENUM_CONVERSION = YES;
				CLANG_WARN_INFINITE_RECURSION = YES;
				CLANG_WARN_INT_CONVERSION = YES;
				CLANG_WARN_NON_LITERAL_NULL_CONVERSION = YES;
				CLANG_WARN_OBJC_IMPLICIT_RETAIN_SELF = YES;
				CLANG_WARN_OBJC_LITERAL_CONVERSION = YES;
				CLANG_WARN_OBJC_ROOT_CLASS = YES_ERROR;
				CLANG_WARN_QUOTED_INCLUDE_IN_FRAMEWORK_HEADER = YES;
				CLANG_WARN_RANGE_LOOP_ANALYSIS = YES;
				CLANG_WARN_STRICT_PROTOTYPES = YES;
				CLANG_WARN_SUSPICIOUS_MOVE = YES;
				CLANG_WARN_UNGUARDED_AVAILABILITY = YES_AGGRESSIVE;
				CLANG_WARN_UNREACHABLE_CODE = YES;
				CLANG_WARN__DUPLICATE_METHOD_MATCH = YES;
				COPY_PHASE_STRIP = NO;
				DEBUG_INFORMATION_FORMAT = "dwarf-with-dsym";
				ENABLE_NS_ASSERTIONS = NO;
				ENABLE_STRICT_OBJC_MSGSEND = YES;
				GCC_C_LANGUAGE_STANDARD = gnu11;
				GCC_NO_COMMON_BLOCKS = YES;
				GCC_WARN_64_TO_32_BIT_CONVERSION = YES;
				GCC_WARN_ABOUT_RETURN_TYPE = YES_ERROR;
				GCC_WARN_UNDECLARED_SELECTOR = YES;
				GCC_WARN_UNINITIALIZED_AUTOS = YES_AGGRESSIVE;
				GCC_WARN_UNUSED_FUNCTION = YES;
				GCC_WARN_UNUSED_VARIABLE = YES;
				IPHONEOS_DEPLOYMENT_TARGET = 14.4;
				MTL_ENABLE_DEBUG_INFO = NO;
				MTL_FAST_MATH = YES;
				SDKROOT = iphoneos;
				SWIFT_COMPILATION_MODE = wholemodule;
				SWIFT_OPTIMIZATION_LEVEL = "-O";
				VALIDATE_PRODUCT = YES;
			};
			name = Release;
		};
		4AC4E6E92636681000AD2FBF /* Debug */ = {
			isa = XCBuildConfiguration;
			buildSettings = {
				ASSETCATALOG_COMPILER_APPICON_NAME = AppIcon;
				ASSETCATALOG_COMPILER_GLOBAL_ACCENT_COLOR_NAME = AccentColor;
				CODE_SIGN_STYLE = Automatic;
				DEVELOPMENT_ASSET_PATHS = "\"lab 15/Preview Content\"";
				DEVELOPMENT_TEAM = NH5HP3Z8CG;
				ENABLE_PREVIEWS = YES;
				INFOPLIST_FILE = "lab 15/Info.plist";
				LD_RUNPATH_SEARCH_PATHS = (
					"$(inherited)",
					"@executable_path/Frameworks",
				);
				PRODUCT_BUNDLE_IDENTIFIER = "edu.tric.lab-15";
				PRODUCT_NAME = "$(TARGET_NAME)";
				SWIFT_VERSION = 5.0;
				TARGETED_DEVICE_FAMILY = "1,2";
			};
			name = Debug;
		};
		4AC4E6EA2636681000AD2FBF /* Release */ = {
			isa = XCBuildConfiguration;
			buildSettings = {
				ASSETCATALOG_COMPILER_APPICON_NAME = AppIcon;
				ASSETCATALOG_COMPILER_GLOBAL_ACCENT_COLOR_NAME = AccentColor;
				CODE_SIGN_STYLE = Automatic;
				DEVELOPMENT_ASSET_PATHS = "\"lab 15/Preview Content\"";
				DEVELOPMENT_TEAM = NH5HP3Z8CG;
				ENABLE_PREVIEWS = YES;
				INFOPLIST_FILE = "lab 15/Info.plist";
				LD_RUNPATH_SEARCH_PATHS = (
					"$(inherited)",
					"@executable_path/Frameworks",
				);
				PRODUCT_BUNDLE_IDENTIFIER = "edu.tric.lab-15";
				PRODUCT_NAME = "$(TARGET_NAME)";
				SWIFT_VERSION = 5.0;
				TARGETED_DEVICE_FAMILY = "1,2";
			};
			name = Release;
		};
		4AC4E6EC2636681000AD2FBF /* Debug */ = {
			isa = XCBuildConfiguration;
			buildSettings = {
				ALWAYS_EMBED_SWIFT_STANDARD_LIBRARIES = YES;
				BUNDLE_LOADER = "$(TEST_HOST)";
				CODE_SIGN_STYLE = Automatic;
				DEVELOPMENT_TEAM = NH5HP3Z8CG;
				INFOPLIST_FILE = "lab 15Tests/Info.plist";
				IPHONEOS_DEPLOYMENT_TARGET = 14.4;
				LD_RUNPATH_SEARCH_PATHS = (
					"$(inherited)",
					"@executable_path/Frameworks",
					"@loader_path/Frameworks",
				);
				PRODUCT_BUNDLE_IDENTIFIER = "edu.tric.lab-15Tests";
				PRODUCT_NAME = "$(TARGET_NAME)";
				SWIFT_VERSION = 5.0;
				TARGETED_DEVICE_FAMILY = "1,2";
				TEST_HOST = "$(BUILT_PRODUCTS_DIR)/lab 15.app/lab 15";
			};
			name = Debug;
		};
		4AC4E6ED2636681000AD2FBF /* Release */ = {
			isa = XCBuildConfiguration;
			buildSettings = {
				ALWAYS_EMBED_SWIFT_STANDARD_LIBRARIES = YES;
				BUNDLE_LOADER = "$(TEST_HOST)";
				CODE_SIGN_STYLE = Automatic;
				DEVELOPMENT_TEAM = NH5HP3Z8CG;
				INFOPLIST_FILE = "lab 15Tests/Info.plist";
				IPHONEOS_DEPLOYMENT_TARGET = 14.4;
				LD_RUNPATH_SEARCH_PATHS = (
					"$(inherited)",
					"@executable_path/Frameworks",
					"@loader_path/Frameworks",
				);
				PRODUCT_BUNDLE_IDENTIFIER = "edu.tric.lab-15Tests";
				PRODUCT_NAME = "$(TARGET_NAME)";
				SWIFT_VERSION = 5.0;
				TARGETED_DEVICE_FAMILY = "1,2";
				TEST_HOST = "$(BUILT_PRODUCTS_DIR)/lab 15.app/lab 15";
			};
			name = Release;
		};
		4AC4E6EF2636681000AD2FBF /* Debug */ = {
			isa = XCBuildConfiguration;
			buildSettings = {
				ALWAYS_EMBED_SWIFT_STANDARD_LIBRARIES = YES;
				CODE_SIGN_STYLE = Automatic;
				DEVELOPMENT_TEAM = NH5HP3Z8CG;
				INFOPLIST_FILE = "lab 15UITests/Info.plist";
				LD_RUNPATH_SEARCH_PATHS = (
					"$(inherited)",
					"@executable_path/Frameworks",
					"@loader_path/Frameworks",
				);
				PRODUCT_BUNDLE_IDENTIFIER = "edu.tric.lab-15UITests";
				PRODUCT_NAME = "$(TARGET_NAME)";
				SWIFT_VERSION = 5.0;
				TARGETED_DEVICE_FAMILY = "1,2";
				TEST_TARGET_NAME = "lab 15";
			};
			name = Debug;
		};
		4AC4E6F02636681000AD2FBF /* Release */ = {
			isa = XCBuildConfiguration;
			buildSettings = {
				ALWAYS_EMBED_SWIFT_STANDARD_LIBRARIES = YES;
				CODE_SIGN_STYLE = Automatic;
				DEVELOPMENT_TEAM = NH5HP3Z8CG;
				INFOPLIST_FILE = "lab 15UITests/Info.plist";
				LD_RUNPATH_SEARCH_PATHS = (
					"$(inherited)",
					"@executable_path/Frameworks",
					"@loader_path/Frameworks",
				);
				PRODUCT_BUNDLE_IDENTIFIER = "edu.tric.lab-15UITests";
				PRODUCT_NAME = "$(TARGET_NAME)";
				SWIFT_VERSION = 5.0;
				TARGETED_DEVICE_FAMILY = "1,2";
				TEST_TARGET_NAME = "lab 15";
			};
			name = Release;
		};
/* End XCBuildConfiguration section */

/* Begin XCConfigurationList section */
		4AC4E6B92636680B00AD2FBF /* Build configuration list for PBXProject "lab 15" */ = {
			isa = XCConfigurationList;
			buildConfigurations = (
				4AC4E6E62636681000AD2FBF /* Debug */,
				4AC4E6E72636681000AD2FBF /* Release */,
			);
			defaultConfigurationIsVisible = 0;
			defaultConfigurationName = Release;
		};
		4AC4E6E82636681000AD2FBF /* Build configuration list for PBXNativeTarget "lab 15" */ = {
			isa = XCConfigurationList;
			buildConfigurations = (
				4AC4E6E92636681000AD2FBF /* Debug */,
				4AC4E6EA2636681000AD2FBF /* Release */,
			);
			defaultConfigurationIsVisible = 0;
			defaultConfigurationName = Release;
		};
		4AC4E6EB2636681000AD2FBF /* Build configuration list for PBXNativeTarget "lab 15Tests" */ = {
			isa = XCConfigurationList;
			buildConfigurations = (
				4AC4E6EC2636681000AD2FBF /* Debug */,
				4AC4E6ED2636681000AD2FBF /* Release */,
			);
			defaultConfigurationIsVisible = 0;
			defaultConfigurationName = Release;
		};
		4AC4E6EE2636681000AD2FBF /* Build configuration list for PBXNativeTarget "lab 15UITests" */ = {
			isa = XCConfigurationList;
			buildConfigurations = (
				4AC4E6EF2636681000AD2FBF /* Debug */,
				4AC4E6F02636681000AD2FBF /* Release */,
			);
			defaultConfigurationIsVisible = 0;
			defaultConfigurationName = Release;
		};
/* End XCConfigurationList section */
	};
	rootObject = 4AC4E6B62636680B00AD2FBF /* Project object */;
}
